{
    "version": 3,
    "terraform_version": "0.11.13",
    "serial": 2,
    "lineage": "13a26048-bff8-4315-246a-29c6b148d822",
    "modules": [
        {
            "path": [
                "root"
            ],
            "outputs": {},
            "resources": {},
            "depends_on": []
        },
        {
            "path": [
                "root",
                "agmodule"
            ],
            "outputs": {},
            "resources": {
                "azurerm_network_security_group.myterraformnsg": {
                    "type": "azurerm_network_security_group",
                    "depends_on": [
                        "azurerm_resource_group.myterraformgroup"
                    ],
                    "primary": {
                        "id": "/subscriptions/616f4a54-ce50-44e7-b942-cd767bc882a8/resourceGroups/myResourceGroup/providers/Microsoft.Network/networkSecurityGroups/myNetworkSecurityGroup",
                        "attributes": {
                            "id": "/subscriptions/616f4a54-ce50-44e7-b942-cd767bc882a8/resourceGroups/myResourceGroup/providers/Microsoft.Network/networkSecurityGroups/myNetworkSecurityGroup",
                            "location": "eastus",
                            "name": "myNetworkSecurityGroup",
                            "resource_group_name": "myResourceGroup",
                            "security_rule.#": "1",
                            "security_rule.2090309246.access": "Allow",
                            "security_rule.2090309246.description": "",
                            "security_rule.2090309246.destination_address_prefix": "*",
                            "security_rule.2090309246.destination_address_prefixes.#": "0",
                            "security_rule.2090309246.destination_application_security_group_ids.#": "0",
                            "security_rule.2090309246.destination_port_range": "22",
                            "security_rule.2090309246.destination_port_ranges.#": "0",
                            "security_rule.2090309246.direction": "Inbound",
                            "security_rule.2090309246.name": "SSH",
                            "security_rule.2090309246.priority": "1001",
                            "security_rule.2090309246.protocol": "Tcp",
                            "security_rule.2090309246.source_address_prefix": "*",
                            "security_rule.2090309246.source_address_prefixes.#": "0",
                            "security_rule.2090309246.source_application_security_group_ids.#": "0",
                            "security_rule.2090309246.source_port_range": "*",
                            "security_rule.2090309246.source_port_ranges.#": "0",
                            "tags.%": "1",
                            "tags.environment": "AG Terraform Demo"
                        },
                        "meta": {},
                        "tainted": false
                    },
                    "deposed": [],
                    "provider": "module.agmodule.provider.azurerm"
                },
                "azurerm_public_ip.myterraformpublicip": {
                    "type": "azurerm_public_ip",
                    "depends_on": [
                        "azurerm_resource_group.myterraformgroup"
                    ],
                    "primary": {
                        "id": "/subscriptions/616f4a54-ce50-44e7-b942-cd767bc882a8/resourceGroups/myResourceGroup/providers/Microsoft.Network/publicIPAddresses/myPublicIP",
                        "attributes": {
                            "allocation_method": "Dynamic",
                            "id": "/subscriptions/616f4a54-ce50-44e7-b942-cd767bc882a8/resourceGroups/myResourceGroup/providers/Microsoft.Network/publicIPAddresses/myPublicIP",
                            "idle_timeout_in_minutes": "4",
                            "ip_address": "",
                            "ip_version": "IPv4",
                            "location": "eastus",
                            "name": "myPublicIP",
                            "public_ip_address_allocation": "Dynamic",
                            "resource_group_name": "myResourceGroup",
                            "sku": "Basic",
                            "tags.%": "1",
                            "tags.environment": "AG Terraform Demo",
                            "zones.#": "0"
                        },
                        "meta": {},
                        "tainted": false
                    },
                    "deposed": [],
                    "provider": "module.agmodule.provider.azurerm"
                },
                "azurerm_resource_group.myterraformgroup": {
                    "type": "azurerm_resource_group",
                    "depends_on": [],
                    "primary": {
                        "id": "/subscriptions/616f4a54-ce50-44e7-b942-cd767bc882a8/resourceGroups/myResourceGroup",
                        "attributes": {
                            "id": "/subscriptions/616f4a54-ce50-44e7-b942-cd767bc882a8/resourceGroups/myResourceGroup",
                            "location": "eastus",
                            "name": "myResourceGroup",
                            "tags.%": "1",
                            "tags.environment": "AG Terraform Demo"
                        },
                        "meta": {},
                        "tainted": false
                    },
                    "deposed": [],
                    "provider": "module.agmodule.provider.azurerm"
                },
                "azurerm_storage_account.mystorageaccount": {
                    "type": "azurerm_storage_account",
                    "depends_on": [
                        "azurerm_resource_group.myterraformgroup",
                        "random_id.randomId"
                    ],
                    "primary": {
                        "id": "/subscriptions/616f4a54-ce50-44e7-b942-cd767bc882a8/resourceGroups/myResourceGroup/providers/Microsoft.Storage/storageAccounts/diag0ec5ceeed42d62c9",
                        "attributes": {
                            "access_tier": "",
                            "account_encryption_source": "Microsoft.Storage",
                            "account_kind": "Storage",
                            "account_replication_type": "LRS",
                            "account_tier": "Standard",
                            "account_type": "Standard_LRS",
                            "enable_blob_encryption": "true",
                            "enable_file_encryption": "true",
                            "enable_https_traffic_only": "false",
                            "id": "/subscriptions/616f4a54-ce50-44e7-b942-cd767bc882a8/resourceGroups/myResourceGroup/providers/Microsoft.Storage/storageAccounts/diag0ec5ceeed42d62c9",
                            "identity.#": "0",
                            "location": "eastus",
                            "name": "diag0ec5ceeed42d62c9",
                            "network_rules.#": "0",
                            "primary_access_key": "uWb4cOFpKkt2UEsJTuEn4KGH44z6n1milX4jO26SvBy2xFX9NoOFUwHLMS4RbDimX3opgYzJkPdRfQ1fWcQLaw==",
                            "primary_blob_connection_string": "DefaultEndpointsProtocol=https;BlobEndpoint=https://diag0ec5ceeed42d62c9.blob.core.windows.net/;AccountName=diag0ec5ceeed42d62c9;AccountKey=uWb4cOFpKkt2UEsJTuEn4KGH44z6n1milX4jO26SvBy2xFX9NoOFUwHLMS4RbDimX3opgYzJkPdRfQ1fWcQLaw==",
                            "primary_blob_endpoint": "https://diag0ec5ceeed42d62c9.blob.core.windows.net/",
                            "primary_blob_host": "diag0ec5ceeed42d62c9.blob.core.windows.net",
                            "primary_connection_string": "DefaultEndpointsProtocol=https;AccountName=diag0ec5ceeed42d62c9;AccountKey=uWb4cOFpKkt2UEsJTuEn4KGH44z6n1milX4jO26SvBy2xFX9NoOFUwHLMS4RbDimX3opgYzJkPdRfQ1fWcQLaw==;EndpointSuffix=core.windows.net",
                            "primary_file_endpoint": "https://diag0ec5ceeed42d62c9.file.core.windows.net/",
                            "primary_file_host": "diag0ec5ceeed42d62c9.file.core.windows.net",
                            "primary_location": "eastus",
                            "primary_queue_endpoint": "https://diag0ec5ceeed42d62c9.queue.core.windows.net/",
                            "primary_queue_host": "diag0ec5ceeed42d62c9.queue.core.windows.net",
                            "primary_table_endpoint": "https://diag0ec5ceeed42d62c9.table.core.windows.net/",
                            "primary_table_host": "diag0ec5ceeed42d62c9.table.core.windows.net",
                            "resource_group_name": "myResourceGroup",
                            "secondary_access_key": "EYtp58QIIlqL/NXZha34MZqpY7iVWwCn9kK/pAtXt8I9fjBPoTF81kH8bYiqdY2+lt4xVAcgPz0Fya44d5+3mg==",
                            "secondary_blob_connection_string": "",
                            "secondary_blob_endpoint": "",
                            "secondary_blob_host": "",
                            "secondary_connection_string": "DefaultEndpointsProtocol=https;AccountName=diag0ec5ceeed42d62c9;AccountKey=EYtp58QIIlqL/NXZha34MZqpY7iVWwCn9kK/pAtXt8I9fjBPoTF81kH8bYiqdY2+lt4xVAcgPz0Fya44d5+3mg==;EndpointSuffix=core.windows.net",
                            "secondary_location": "",
                            "secondary_queue_endpoint": "",
                            "secondary_queue_host": "",
                            "secondary_table_endpoint": "",
                            "secondary_table_host": "",
                            "tags.%": "1",
                            "tags.environment": "AG Terraform Demo"
                        },
                        "meta": {
                            "schema_version": "2"
                        },
                        "tainted": false
                    },
                    "deposed": [],
                    "provider": "module.agmodule.provider.azurerm"
                },
                "random_id.randomId": {
                    "type": "random_id",
                    "depends_on": [
                        "azurerm_resource_group.myterraformgroup"
                    ],
                    "primary": {
                        "id": "DsXO7tQtYsk",
                        "attributes": {
                            "b64": "DsXO7tQtYsk",
                            "b64_std": "DsXO7tQtYsk=",
                            "b64_url": "DsXO7tQtYsk",
                            "byte_length": "8",
                            "dec": "1064484412100272841",
                            "hex": "0ec5ceeed42d62c9",
                            "id": "DsXO7tQtYsk",
                            "keepers.%": "1",
                            "keepers.resource_group": "myResourceGroup"
                        },
                        "meta": {},
                        "tainted": false
                    },
                    "deposed": [],
                    "provider": "provider.random"
                }
            },
            "depends_on": []
        }
    ]
}
