{
    "version": 3,
    "terraform_version": "0.11.13",
    "serial": 2,
    "lineage": "13a26048-bff8-4315-246a-29c6b148d822",
    "modules": [
        {
            "path": [
                "root"
            ],
            "outputs": {},
            "resources": {},
            "depends_on": []
        },
        {
            "path": [
                "root",
                "agmodule"
            ],
            "outputs": {},
            "resources": {
                "azurerm_network_interface.myterraformnic": {
                    "type": "azurerm_network_interface",
                    "depends_on": [
                        "azurerm_network_security_group.myterraformnsg",
                        "azurerm_public_ip.myterraformpublicip",
                        "azurerm_resource_group.myterraformgroup",
                        "azurerm_subnet.myterraformsubnet"
                    ],
                    "primary": {
                        "id": "/subscriptions/616f4a54-ce50-44e7-b942-cd767bc882a8/resourceGroups/myResourceGroup/providers/Microsoft.Network/networkInterfaces/myNIC",
                        "attributes": {
                            "applied_dns_servers.#": "0",
                            "dns_servers.#": "0",
                            "enable_accelerated_networking": "false",
                            "enable_ip_forwarding": "false",
                            "id": "/subscriptions/616f4a54-ce50-44e7-b942-cd767bc882a8/resourceGroups/myResourceGroup/providers/Microsoft.Network/networkInterfaces/myNIC",
                            "internal_dns_name_label": "",
                            "internal_fqdn": "",
                            "ip_configuration.#": "1",
                            "ip_configuration.0.application_gateway_backend_address_pools_ids.#": "0",
                            "ip_configuration.0.application_security_group_ids.#": "0",
                            "ip_configuration.0.load_balancer_backend_address_pools_ids.#": "0",
                            "ip_configuration.0.load_balancer_inbound_nat_rules_ids.#": "0",
                            "ip_configuration.0.name": "myNicConfiguration",
                            "ip_configuration.0.primary": "true",
                            "ip_configuration.0.private_ip_address": "",
                            "ip_configuration.0.private_ip_address_allocation": "dynamic",
                            "ip_configuration.0.private_ip_address_version": "IPv4",
                            "ip_configuration.0.public_ip_address_id": "/subscriptions/616f4a54-ce50-44e7-b942-cd767bc882a8/resourceGroups/myResourceGroup/providers/Microsoft.Network/publicIPAddresses/myPublicIP",
                            "ip_configuration.0.subnet_id": "/subscriptions/616f4a54-ce50-44e7-b942-cd767bc882a8/resourceGroups/myResourceGroup/providers/Microsoft.Network/virtualNetworks/myVnet/subnets/mySubnet",
                            "location": "eastus",
                            "mac_address": "",
                            "name": "myNIC",
                            "network_security_group_id": "/subscriptions/616f4a54-ce50-44e7-b942-cd767bc882a8/resourceGroups/myResourceGroup/providers/Microsoft.Network/networkSecurityGroups/myNetworkSecurityGroup",
                            "private_ip_address": "10.0.2.4",
                            "private_ip_addresses.#": "1",
                            "private_ip_addresses.0": "10.0.2.4",
                            "resource_group_name": "myResourceGroup",
                            "tags.%": "1",
                            "tags.environment": "AG Terraform Demo"
                        },
                        "meta": {},
                        "tainted": false
                    },
                    "deposed": [],
                    "provider": "module.agmodule.provider.azurerm"
                },
                "azurerm_network_security_group.myterraformnsg": {
                    "type": "azurerm_network_security_group",
                    "depends_on": [
                        "azurerm_resource_group.myterraformgroup"
                    ],
                    "primary": {
                        "id": "/subscriptions/616f4a54-ce50-44e7-b942-cd767bc882a8/resourceGroups/myResourceGroup/providers/Microsoft.Network/networkSecurityGroups/myNetworkSecurityGroup",
                        "attributes": {
                            "id": "/subscriptions/616f4a54-ce50-44e7-b942-cd767bc882a8/resourceGroups/myResourceGroup/providers/Microsoft.Network/networkSecurityGroups/myNetworkSecurityGroup",
                            "location": "eastus",
                            "name": "myNetworkSecurityGroup",
                            "resource_group_name": "myResourceGroup",
                            "security_rule.#": "1",
                            "security_rule.2090309246.access": "Allow",
                            "security_rule.2090309246.description": "",
                            "security_rule.2090309246.destination_address_prefix": "*",
                            "security_rule.2090309246.destination_address_prefixes.#": "0",
                            "security_rule.2090309246.destination_application_security_group_ids.#": "0",
                            "security_rule.2090309246.destination_port_range": "22",
                            "security_rule.2090309246.destination_port_ranges.#": "0",
                            "security_rule.2090309246.direction": "Inbound",
                            "security_rule.2090309246.name": "SSH",
                            "security_rule.2090309246.priority": "1001",
                            "security_rule.2090309246.protocol": "Tcp",
                            "security_rule.2090309246.source_address_prefix": "*",
                            "security_rule.2090309246.source_address_prefixes.#": "0",
                            "security_rule.2090309246.source_application_security_group_ids.#": "0",
                            "security_rule.2090309246.source_port_range": "*",
                            "security_rule.2090309246.source_port_ranges.#": "0",
                            "tags.%": "1",
                            "tags.environment": "AG Terraform Demo"
                        },
                        "meta": {},
                        "tainted": false
                    },
                    "deposed": [],
                    "provider": "module.agmodule.provider.azurerm"
                },
                "azurerm_public_ip.myterraformpublicip": {
                    "type": "azurerm_public_ip",
                    "depends_on": [
                        "azurerm_resource_group.myterraformgroup"
                    ],
                    "primary": {
                        "id": "/subscriptions/616f4a54-ce50-44e7-b942-cd767bc882a8/resourceGroups/myResourceGroup/providers/Microsoft.Network/publicIPAddresses/myPublicIP",
                        "attributes": {
                            "allocation_method": "Dynamic",
                            "id": "/subscriptions/616f4a54-ce50-44e7-b942-cd767bc882a8/resourceGroups/myResourceGroup/providers/Microsoft.Network/publicIPAddresses/myPublicIP",
                            "idle_timeout_in_minutes": "4",
                            "ip_address": "",
                            "ip_version": "IPv4",
                            "location": "eastus",
                            "name": "myPublicIP",
                            "public_ip_address_allocation": "Dynamic",
                            "resource_group_name": "myResourceGroup",
                            "sku": "Basic",
                            "tags.%": "1",
                            "tags.environment": "AG Terraform Demo",
                            "zones.#": "0"
                        },
                        "meta": {},
                        "tainted": false
                    },
                    "deposed": [],
                    "provider": "module.agmodule.provider.azurerm"
                },
                "azurerm_resource_group.myterraformgroup": {
                    "type": "azurerm_resource_group",
                    "depends_on": [],
                    "primary": {
                        "id": "/subscriptions/616f4a54-ce50-44e7-b942-cd767bc882a8/resourceGroups/myResourceGroup",
                        "attributes": {
                            "id": "/subscriptions/616f4a54-ce50-44e7-b942-cd767bc882a8/resourceGroups/myResourceGroup",
                            "location": "eastus",
                            "name": "myResourceGroup",
                            "tags.%": "1",
                            "tags.environment": "AG Terraform Demo"
                        },
                        "meta": {},
                        "tainted": false
                    },
                    "deposed": [],
                    "provider": "module.agmodule.provider.azurerm"
                },
                "azurerm_storage_account.mystorageaccount": {
                    "type": "azurerm_storage_account",
                    "depends_on": [
                        "azurerm_resource_group.myterraformgroup",
                        "random_id.randomId"
                    ],
                    "primary": {
                        "id": "/subscriptions/616f4a54-ce50-44e7-b942-cd767bc882a8/resourceGroups/myResourceGroup/providers/Microsoft.Storage/storageAccounts/diag0ec5ceeed42d62c9",
                        "attributes": {
                            "access_tier": "",
                            "account_encryption_source": "Microsoft.Storage",
                            "account_kind": "Storage",
                            "account_replication_type": "LRS",
                            "account_tier": "Standard",
                            "account_type": "Standard_LRS",
                            "enable_blob_encryption": "true",
                            "enable_file_encryption": "true",
                            "enable_https_traffic_only": "false",
                            "id": "/subscriptions/616f4a54-ce50-44e7-b942-cd767bc882a8/resourceGroups/myResourceGroup/providers/Microsoft.Storage/storageAccounts/diag0ec5ceeed42d62c9",
                            "identity.#": "0",
                            "location": "eastus",
                            "name": "diag0ec5ceeed42d62c9",
                            "network_rules.#": "0",
                            "primary_access_key": "uWb4cOFpKkt2UEsJTuEn4KGH44z6n1milX4jO26SvBy2xFX9NoOFUwHLMS4RbDimX3opgYzJkPdRfQ1fWcQLaw==",
                            "primary_blob_connection_string": "DefaultEndpointsProtocol=https;BlobEndpoint=https://diag0ec5ceeed42d62c9.blob.core.windows.net/;AccountName=diag0ec5ceeed42d62c9;AccountKey=uWb4cOFpKkt2UEsJTuEn4KGH44z6n1milX4jO26SvBy2xFX9NoOFUwHLMS4RbDimX3opgYzJkPdRfQ1fWcQLaw==",
                            "primary_blob_endpoint": "https://diag0ec5ceeed42d62c9.blob.core.windows.net/",
                            "primary_blob_host": "diag0ec5ceeed42d62c9.blob.core.windows.net",
                            "primary_connection_string": "DefaultEndpointsProtocol=https;AccountName=diag0ec5ceeed42d62c9;AccountKey=uWb4cOFpKkt2UEsJTuEn4KGH44z6n1milX4jO26SvBy2xFX9NoOFUwHLMS4RbDimX3opgYzJkPdRfQ1fWcQLaw==;EndpointSuffix=core.windows.net",
                            "primary_file_endpoint": "https://diag0ec5ceeed42d62c9.file.core.windows.net/",
                            "primary_file_host": "diag0ec5ceeed42d62c9.file.core.windows.net",
                            "primary_location": "eastus",
                            "primary_queue_endpoint": "https://diag0ec5ceeed42d62c9.queue.core.windows.net/",
                            "primary_queue_host": "diag0ec5ceeed42d62c9.queue.core.windows.net",
                            "primary_table_endpoint": "https://diag0ec5ceeed42d62c9.table.core.windows.net/",
                            "primary_table_host": "diag0ec5ceeed42d62c9.table.core.windows.net",
                            "resource_group_name": "myResourceGroup",
                            "secondary_access_key": "EYtp58QIIlqL/NXZha34MZqpY7iVWwCn9kK/pAtXt8I9fjBPoTF81kH8bYiqdY2+lt4xVAcgPz0Fya44d5+3mg==",
                            "secondary_blob_connection_string": "",
                            "secondary_blob_endpoint": "",
                            "secondary_blob_host": "",
                            "secondary_connection_string": "DefaultEndpointsProtocol=https;AccountName=diag0ec5ceeed42d62c9;AccountKey=EYtp58QIIlqL/NXZha34MZqpY7iVWwCn9kK/pAtXt8I9fjBPoTF81kH8bYiqdY2+lt4xVAcgPz0Fya44d5+3mg==;EndpointSuffix=core.windows.net",
                            "secondary_location": "",
                            "secondary_queue_endpoint": "",
                            "secondary_queue_host": "",
                            "secondary_table_endpoint": "",
                            "secondary_table_host": "",
                            "tags.%": "1",
                            "tags.environment": "AG Terraform Demo"
                        },
                        "meta": {
                            "schema_version": "2"
                        },
                        "tainted": false
                    },
                    "deposed": [],
                    "provider": "module.agmodule.provider.azurerm"
                },
                "azurerm_subnet.myterraformsubnet": {
                    "type": "azurerm_subnet",
                    "depends_on": [
                        "azurerm_resource_group.myterraformgroup",
                        "azurerm_virtual_network.myterraformnetwork"
                    ],
                    "primary": {
                        "id": "/subscriptions/616f4a54-ce50-44e7-b942-cd767bc882a8/resourceGroups/myResourceGroup/providers/Microsoft.Network/virtualNetworks/myVnet/subnets/mySubnet",
                        "attributes": {
                            "address_prefix": "10.0.2.0/24",
                            "delegation.#": "0",
                            "id": "/subscriptions/616f4a54-ce50-44e7-b942-cd767bc882a8/resourceGroups/myResourceGroup/providers/Microsoft.Network/virtualNetworks/myVnet/subnets/mySubnet",
                            "ip_configurations.#": "0",
                            "name": "mySubnet",
                            "network_security_group_id": "",
                            "resource_group_name": "myResourceGroup",
                            "route_table_id": "",
                            "service_endpoints.#": "0",
                            "virtual_network_name": "myVnet"
                        },
                        "meta": {},
                        "tainted": false
                    },
                    "deposed": [],
                    "provider": "module.agmodule.provider.azurerm"
                },
                "azurerm_virtual_machine.myterraformvm": {
                    "type": "azurerm_virtual_machine",
                    "depends_on": [
                        "azurerm_network_interface.myterraformnic",
                        "azurerm_resource_group.myterraformgroup",
                        "azurerm_storage_account.mystorageaccount"
                    ],
                    "primary": {
                        "id": "/subscriptions/616f4a54-ce50-44e7-b942-cd767bc882a8/resourceGroups/myResourceGroup/providers/Microsoft.Compute/virtualMachines/myVM",
                        "attributes": {
                            "boot_diagnostics.#": "1",
                            "boot_diagnostics.0.enabled": "true",
                            "boot_diagnostics.0.storage_uri": "https://diag0ec5ceeed42d62c9.blob.core.windows.net/",
                            "delete_data_disks_on_termination": "false",
                            "delete_os_disk_on_termination": "false",
                            "id": "/subscriptions/616f4a54-ce50-44e7-b942-cd767bc882a8/resourceGroups/myResourceGroup/providers/Microsoft.Compute/virtualMachines/myVM",
                            "identity.#": "0",
                            "location": "eastus",
                            "name": "myVM",
                            "network_interface_ids.#": "1",
                            "network_interface_ids.0": "/subscriptions/616f4a54-ce50-44e7-b942-cd767bc882a8/resourceGroups/myResourceGroup/providers/Microsoft.Network/networkInterfaces/myNIC",
                            "os_profile.#": "1",
                            "os_profile.1770182618.admin_password": "",
                            "os_profile.1770182618.admin_username": "azureuser",
                            "os_profile.1770182618.computer_name": "myvm",
                            "os_profile.1770182618.custom_data": "",
                            "os_profile_linux_config.#": "1",
                            "os_profile_linux_config.69840937.disable_password_authentication": "true",
                            "os_profile_linux_config.69840937.ssh_keys.#": "1",
                            "os_profile_linux_config.69840937.ssh_keys.0.key_data": "ssh-rsa AAAAB3NzaC1yc2EAAAADAQABAAACAQCseSxrLa7xRTB4WZ4sWlsbshEHUqET6Etl3eS5ht9ENElCie14G6JiuNBTwPtDneSlnhQ0HebQ5t2YlwEr/z/LTXTKEsDQTQ+MxEqqjXMuj6+HGqI7KI1fBrfU51wWSHe7L2Mpz2Ii1cXPkqek+Gbh6rlWXAwsHmWgxql7X4jTrvAY6SkHtKyuplWO2skKhXDZp6GDFqm8N6XObNWu2WaBxVeOhI1BEqsXqptHo0Gjx+xcddiG8759/vD0rr2NUMavLT4kLQwiLgZCkT1xInwxhsleCTwY5cqNIRCl/1A5atFpgDa/F3yJTMmn/60PnfGTqA+jDlCOem55+Oa5evIu0fyJpnATdLw4lzIw4ENEa/3t3nBTvWKTXEgvoJBmhMiJiwve1tZfD8Zvf693ssj7rGS03FfQ4QbmkgUbD/AeTvPpGirAv3SnNrZ5Pvd9YNjY4b12H4a9Z2jTh91Iw22nob5AoEaVkT0PYMOgI9tl9IhYYDR67FdM4erRc5nTZb09vWzrS9GZsYRt9/uPjjIvowZhKSHcT1fPl7edC3EyletqvAl/srrzZCZW0d6QAWMGIOayTfCElbZ8EhsDYpwVkhLyYiAL2m4ILUxLBdQlJLv34oe81q3w9F4nIdTv7307nS0bwvNMBl061z2BQiBSBIV0mPdskULLO31LK9gJkw== alyasg@Johnny.local",
                            "os_profile_linux_config.69840937.ssh_keys.0.path": "/home/azureuser/.ssh/authorized_keys",
                            "os_profile_secrets.#": "0",
                            "os_profile_windows_config.#": "0",
                            "plan.#": "0",
                            "resource_group_name": "myResourceGroup",
                            "storage_data_disk.#": "0",
                            "storage_image_reference.#": "1",
                            "storage_image_reference.363552096.id": "",
                            "storage_image_reference.363552096.offer": "UbuntuServer",
                            "storage_image_reference.363552096.publisher": "Canonical",
                            "storage_image_reference.363552096.sku": "16.04.0-LTS",
                            "storage_image_reference.363552096.version": "latest",
                            "storage_os_disk.#": "1",
                            "storage_os_disk.0.caching": "ReadWrite",
                            "storage_os_disk.0.create_option": "FromImage",
                            "storage_os_disk.0.disk_size_gb": "30",
                            "storage_os_disk.0.image_uri": "",
                            "storage_os_disk.0.managed_disk_id": "/subscriptions/616f4a54-ce50-44e7-b942-cd767bc882a8/resourceGroups/myResourceGroup/providers/Microsoft.Compute/disks/myOsDisk",
                            "storage_os_disk.0.managed_disk_type": "Premium_LRS",
                            "storage_os_disk.0.name": "myOsDisk",
                            "storage_os_disk.0.os_type": "Linux",
                            "storage_os_disk.0.vhd_uri": "",
                            "storage_os_disk.0.write_accelerator_enabled": "false",
                            "tags.%": "1",
                            "tags.environment": "AG Terraform Demo",
                            "vm_size": "Standard_DS1_v2",
                            "zones.#": "0"
                        },
                        "meta": {},
                        "tainted": false
                    },
                    "deposed": [],
                    "provider": "module.agmodule.provider.azurerm"
                },
                "azurerm_virtual_network.myterraformnetwork": {
                    "type": "azurerm_virtual_network",
                    "depends_on": [
                        "azurerm_resource_group.myterraformgroup"
                    ],
                    "primary": {
                        "id": "/subscriptions/616f4a54-ce50-44e7-b942-cd767bc882a8/resourceGroups/myResourceGroup/providers/Microsoft.Network/virtualNetworks/myVnet",
                        "attributes": {
                            "address_space.#": "1",
                            "address_space.0": "10.0.0.0/16",
                            "ddos_protection_plan.#": "0",
                            "dns_servers.#": "0",
                            "id": "/subscriptions/616f4a54-ce50-44e7-b942-cd767bc882a8/resourceGroups/myResourceGroup/providers/Microsoft.Network/virtualNetworks/myVnet",
                            "location": "eastus",
                            "name": "myVnet",
                            "resource_group_name": "myResourceGroup",
                            "subnet.#": "0",
                            "tags.%": "1",
                            "tags.environment": "AG Terraform Demo"
                        },
                        "meta": {},
                        "tainted": false
                    },
                    "deposed": [],
                    "provider": "module.agmodule.provider.azurerm"
                },
                "random_id.randomId": {
                    "type": "random_id",
                    "depends_on": [
                        "azurerm_resource_group.myterraformgroup"
                    ],
                    "primary": {
                        "id": "DsXO7tQtYsk",
                        "attributes": {
                            "b64": "DsXO7tQtYsk",
                            "b64_std": "DsXO7tQtYsk=",
                            "b64_url": "DsXO7tQtYsk",
                            "byte_length": "8",
                            "dec": "1064484412100272841",
                            "hex": "0ec5ceeed42d62c9",
                            "id": "DsXO7tQtYsk",
                            "keepers.%": "1",
                            "keepers.resource_group": "myResourceGroup"
                        },
                        "meta": {},
                        "tainted": false
                    },
                    "deposed": [],
                    "provider": "provider.random"
                }
            },
            "depends_on": []
        }
    ]
}
