{
    "version": 3,
    "terraform_version": "0.11.13",
    "serial": 64,
    "lineage": "367bfdfb-6762-64a5-be20-cc1cf9c2c919",
    "modules": [
        {
            "path": [
                "root"
            ],
            "outputs": {},
            "resources": {
                "aws_eip.eip": {
                    "type": "aws_eip",
                    "depends_on": [
                        "aws_instance.masterjenkins"
                    ],
                    "primary": {
                        "id": "eipalloc-064070661f33837a8",
                        "attributes": {
                            "association_id": "eipassoc-00ad74de7c62a6368",
                            "domain": "vpc",
                            "id": "eipalloc-064070661f33837a8",
                            "instance": "i-032b559f0d9411e01",
                            "network_interface": "eni-0f24fdd551933312b",
                            "private_dns": "ip-10-0-0-17.eu-west-2.compute.internal",
                            "private_ip": "10.0.0.17",
                            "public_dns": "ec2-35-178-156-95.eu-west-2.compute.amazonaws.com",
                            "public_ip": "35.178.156.95",
                            "public_ipv4_pool": "amazon",
                            "tags.%": "0",
                            "vpc": "true"
                        },
                        "meta": {
                            "e2bfb730-ecaa-11e6-8f88-34363bc7c4c0": {
                                "delete": 180000000000,
                                "read": 900000000000,
                                "update": 300000000000
                            }
                        },
                        "tainted": false
                    },
                    "deposed": [],
                    "provider": "provider.aws"
                },
                "aws_instance.masterjenkins": {
                    "type": "aws_instance",
                    "depends_on": [
                        "aws_key_pair.my-key",
                        "aws_security_group.allow_ssh",
                        "aws_subnet.aws_subnet_jenkins",
                        "data.aws_ami.ubuntu"
                    ],
                    "primary": {
                        "id": "i-032b559f0d9411e01",
                        "attributes": {
                            "ami": "ami-0f451ba65ae4d36ad",
                            "arn": "arn:aws:ec2:eu-west-2:969613056480:instance/i-032b559f0d9411e01",
                            "associate_public_ip_address": "true",
                            "availability_zone": "eu-west-2b",
                            "cpu_core_count": "1",
                            "cpu_threads_per_core": "1",
                            "credit_specification.#": "1",
                            "credit_specification.0.cpu_credits": "standard",
                            "disable_api_termination": "false",
                            "ebs_block_device.#": "0",
                            "ebs_optimized": "false",
                            "ephemeral_block_device.#": "0",
                            "get_password_data": "false",
                            "iam_instance_profile": "",
                            "id": "i-032b559f0d9411e01",
                            "instance_state": "running",
                            "instance_type": "t2.micro",
                            "ipv6_addresses.#": "0",
                            "key_name": "my-key",
                            "monitoring": "false",
                            "network_interface.#": "0",
                            "password_data": "",
                            "placement_group": "",
                            "primary_network_interface_id": "eni-0f24fdd551933312b",
                            "private_dns": "ip-10-0-0-17.eu-west-2.compute.internal",
                            "private_ip": "10.0.0.17",
                            "public_dns": "",
                            "public_ip": "35.178.156.95",
                            "root_block_device.#": "1",
                            "root_block_device.0.delete_on_termination": "true",
                            "root_block_device.0.iops": "100",
                            "root_block_device.0.volume_id": "vol-05199f51ab8300a25",
                            "root_block_device.0.volume_size": "8",
                            "root_block_device.0.volume_type": "gp2",
                            "security_groups.#": "0",
                            "source_dest_check": "true",
                            "subnet_id": "subnet-0a94ec48857a53789",
                            "tags.%": "1",
                            "tags.Name": "AGmasterjenkins",
                            "tenancy": "default",
                            "user_data": "7a69237ada423e5f23b938b7feb47df0d9076611",
                            "volume_tags.%": "0",
                            "vpc_security_group_ids.#": "1",
                            "vpc_security_group_ids.3729483600": "sg-0320798512552c30f"
                        },
                        "meta": {
                            "e2bfb730-ecaa-11e6-8f88-34363bc7c4c0": {
                                "create": 600000000000,
                                "delete": 1200000000000,
                                "update": 600000000000
                            },
                            "schema_version": "1"
                        },
                        "tainted": false
                    },
                    "deposed": [],
                    "provider": "provider.aws"
                },
                "aws_instance.slavejenkins": {
                    "type": "aws_instance",
                    "depends_on": [
                        "aws_key_pair.my-key",
                        "aws_security_group.allow_ssh",
                        "aws_subnet.aws_subnet_jenkins",
                        "data.aws_ami.ubuntu"
                    ],
                    "primary": {
                        "id": "i-05a0877704cd130ae",
                        "attributes": {
                            "ami": "ami-0f451ba65ae4d36ad",
                            "arn": "arn:aws:ec2:eu-west-2:969613056480:instance/i-05a0877704cd130ae",
                            "associate_public_ip_address": "true",
                            "availability_zone": "eu-west-2b",
                            "cpu_core_count": "1",
                            "cpu_threads_per_core": "1",
                            "credit_specification.#": "1",
                            "credit_specification.0.cpu_credits": "standard",
                            "disable_api_termination": "false",
                            "ebs_block_device.#": "0",
                            "ebs_optimized": "false",
                            "ephemeral_block_device.#": "0",
                            "get_password_data": "false",
                            "iam_instance_profile": "",
                            "id": "i-05a0877704cd130ae",
                            "instance_state": "running",
                            "instance_type": "t2.micro",
                            "ipv6_addresses.#": "0",
                            "key_name": "my-key",
                            "monitoring": "false",
                            "network_interface.#": "0",
                            "password_data": "",
                            "placement_group": "",
                            "primary_network_interface_id": "eni-088ccf0289bfb6708",
                            "private_dns": "ip-10-0-0-25.eu-west-2.compute.internal",
                            "private_ip": "10.0.0.25",
                            "public_dns": "",
                            "public_ip": "3.8.185.30",
                            "root_block_device.#": "1",
                            "root_block_device.0.delete_on_termination": "true",
                            "root_block_device.0.iops": "100",
                            "root_block_device.0.volume_id": "vol-086dcfc281c7abcb1",
                            "root_block_device.0.volume_size": "8",
                            "root_block_device.0.volume_type": "gp2",
                            "security_groups.#": "0",
                            "source_dest_check": "true",
                            "subnet_id": "subnet-0a94ec48857a53789",
                            "tags.%": "1",
                            "tags.Name": "AGslavejenkins",
                            "tenancy": "default",
                            "volume_tags.%": "0",
                            "vpc_security_group_ids.#": "1",
                            "vpc_security_group_ids.3729483600": "sg-0320798512552c30f"
                        },
                        "meta": {
                            "e2bfb730-ecaa-11e6-8f88-34363bc7c4c0": {
                                "create": 600000000000,
                                "delete": 1200000000000,
                                "update": 600000000000
                            },
                            "schema_version": "1"
                        },
                        "tainted": false
                    },
                    "deposed": [],
                    "provider": "provider.aws"
                },
                "aws_internet_gateway.gw": {
                    "type": "aws_internet_gateway",
                    "depends_on": [
                        "aws_vpc.aws"
                    ],
                    "primary": {
                        "id": "igw-0bcafb9a5d9fc3deb",
                        "attributes": {
                            "id": "igw-0bcafb9a5d9fc3deb",
                            "owner_id": "969613056480",
                            "tags.%": "1",
                            "tags.Name": "alyas_igw",
                            "vpc_id": "vpc-08bb313ee74d462cb"
                        },
                        "meta": {},
                        "tainted": false
                    },
                    "deposed": [],
                    "provider": "provider.aws"
                },
                "aws_key_pair.my-key": {
                    "type": "aws_key_pair",
                    "depends_on": [],
                    "primary": {
                        "id": "my-key",
                        "attributes": {
                            "fingerprint": "71:f9:0e:3d:98:6c:45:ce:30:f6:ec:80:06:bb:5a:5e",
                            "id": "my-key",
                            "key_name": "my-key",
                            "public_key": "ssh-rsa AAAAB3NzaC1yc2EAAAADAQABAAACAQDMI3VtMquYAzxcWcvbF0XBuOtbiKn3ICyJYkZwri6VTU/J2KXxm4YDiOZpylHbT2/HmdgWVEl5L8VU9yLMfAipvNUjnVnarqm0F7Zkl0Lcbk7K+pJGEojVx7J265vp8r9p+OWGzh9sKfSAZKCPdVDmGv1WE76vGZtLtD86mvqAgnCtbuauE9j1xdLCCoBkJHfMPftwOxe5b7ZMM/gm8uPch/8NgiTWSgzr36fY1AqqbIWDShR/2ToGsMszgC+5xVH1jZU2V12zFhGaHdNhejc69WUhUszdPlL5QG6TfX9AJOcKBRupZilTMk3Pe47ljZsae6JmSKf6cEmmPGigYpx3H5ffhATFYyKUY8e+Bwn2oM9HUsoVsiyYlHWjwVqWcetmsSCExpA0ypFUlZX73vGraBCL+NhNxykpowfZNniXeQXRdMgnecGsfRJuGSPLLxIPtvwqe5jJX1y1GcMuNNcyK88bH+LRNIREKaQUw+1JOsccR6isebaHnKp1vUG+pNueM8K9FMv9MuEd5l0pPkIXqoEQaynE3q/AwZfxqy6lFeUsl6KzriGs8JeCqPxUyvc94ia0inmtbxQFswZmAQjWTtps6uOXxbQIjI1XcLbfE2QJ7t4EvxGzoLcwFPfEJF9KkrZvkUzpo/5eyNyZGsMSt8nmwYEV14hFMckcozRcSw== alyasg@Johnny.local"
                        },
                        "meta": {
                            "schema_version": "1"
                        },
                        "tainted": false
                    },
                    "deposed": [],
                    "provider": "provider.aws"
                },
                "aws_route_table.ag_pub": {
                    "type": "aws_route_table",
                    "depends_on": [
                        "aws_internet_gateway.gw",
                        "aws_vpc.aws"
                    ],
                    "primary": {
                        "id": "rtb-0fbb9802d11e02ebf",
                        "attributes": {
                            "id": "rtb-0fbb9802d11e02ebf",
                            "owner_id": "969613056480",
                            "propagating_vgws.#": "0",
                            "route.#": "1",
                            "route.3514106237.cidr_block": "0.0.0.0/0",
                            "route.3514106237.egress_only_gateway_id": "",
                            "route.3514106237.gateway_id": "igw-0bcafb9a5d9fc3deb",
                            "route.3514106237.instance_id": "",
                            "route.3514106237.ipv6_cidr_block": "",
                            "route.3514106237.nat_gateway_id": "",
                            "route.3514106237.network_interface_id": "",
                            "route.3514106237.transit_gateway_id": "",
                            "route.3514106237.vpc_peering_connection_id": "",
                            "tags.%": "1",
                            "tags.Name": "agtablePUB",
                            "vpc_id": "vpc-08bb313ee74d462cb"
                        },
                        "meta": {},
                        "tainted": false
                    },
                    "deposed": [],
                    "provider": "provider.aws"
                },
                "aws_route_table_association.taPUB": {
                    "type": "aws_route_table_association",
                    "depends_on": [
                        "aws_route_table.ag_pub",
                        "aws_subnet.aws_subnet_jenkins"
                    ],
                    "primary": {
                        "id": "rtbassoc-05babe6062923256b",
                        "attributes": {
                            "id": "rtbassoc-05babe6062923256b",
                            "route_table_id": "rtb-0fbb9802d11e02ebf",
                            "subnet_id": "subnet-0a94ec48857a53789"
                        },
                        "meta": {},
                        "tainted": false
                    },
                    "deposed": [],
                    "provider": "provider.aws"
                },
                "aws_security_group.allow_ssh": {
                    "type": "aws_security_group",
                    "depends_on": [
                        "aws_vpc.aws"
                    ],
                    "primary": {
                        "id": "sg-0320798512552c30f",
                        "attributes": {
                            "arn": "arn:aws:ec2:eu-west-2:969613056480:security-group/sg-0320798512552c30f",
                            "description": "Managed by Terraform",
                            "egress.#": "1",
                            "egress.482069346.cidr_blocks.#": "1",
                            "egress.482069346.cidr_blocks.0": "0.0.0.0/0",
                            "egress.482069346.description": "",
                            "egress.482069346.from_port": "0",
                            "egress.482069346.ipv6_cidr_blocks.#": "0",
                            "egress.482069346.prefix_list_ids.#": "0",
                            "egress.482069346.protocol": "-1",
                            "egress.482069346.security_groups.#": "0",
                            "egress.482069346.self": "false",
                            "egress.482069346.to_port": "0",
                            "id": "sg-0320798512552c30f",
                            "ingress.#": "3",
                            "ingress.2214680975.cidr_blocks.#": "1",
                            "ingress.2214680975.cidr_blocks.0": "0.0.0.0/0",
                            "ingress.2214680975.description": "",
                            "ingress.2214680975.from_port": "80",
                            "ingress.2214680975.ipv6_cidr_blocks.#": "0",
                            "ingress.2214680975.prefix_list_ids.#": "0",
                            "ingress.2214680975.protocol": "tcp",
                            "ingress.2214680975.security_groups.#": "0",
                            "ingress.2214680975.self": "false",
                            "ingress.2214680975.to_port": "80",
                            "ingress.2541437006.cidr_blocks.#": "1",
                            "ingress.2541437006.cidr_blocks.0": "0.0.0.0/0",
                            "ingress.2541437006.description": "",
                            "ingress.2541437006.from_port": "22",
                            "ingress.2541437006.ipv6_cidr_blocks.#": "0",
                            "ingress.2541437006.prefix_list_ids.#": "0",
                            "ingress.2541437006.protocol": "tcp",
                            "ingress.2541437006.security_groups.#": "0",
                            "ingress.2541437006.self": "false",
                            "ingress.2541437006.to_port": "22",
                            "ingress.516175195.cidr_blocks.#": "1",
                            "ingress.516175195.cidr_blocks.0": "0.0.0.0/0",
                            "ingress.516175195.description": "",
                            "ingress.516175195.from_port": "8080",
                            "ingress.516175195.ipv6_cidr_blocks.#": "0",
                            "ingress.516175195.prefix_list_ids.#": "0",
                            "ingress.516175195.protocol": "tcp",
                            "ingress.516175195.security_groups.#": "0",
                            "ingress.516175195.self": "false",
                            "ingress.516175195.to_port": "8080",
                            "name": "allow_ssh",
                            "owner_id": "969613056480",
                            "revoke_rules_on_delete": "false",
                            "tags.%": "0",
                            "vpc_id": "vpc-08bb313ee74d462cb"
                        },
                        "meta": {
                            "e2bfb730-ecaa-11e6-8f88-34363bc7c4c0": {
                                "create": 600000000000,
                                "delete": 600000000000
                            },
                            "schema_version": "1"
                        },
                        "tainted": false
                    },
                    "deposed": [],
                    "provider": "provider.aws"
                },
                "aws_subnet.aws_subnet_jenkins": {
                    "type": "aws_subnet",
                    "depends_on": [
                        "aws_vpc.aws"
                    ],
                    "primary": {
                        "id": "subnet-0a94ec48857a53789",
                        "attributes": {
                            "arn": "arn:aws:ec2:eu-west-2:969613056480:subnet/subnet-0a94ec48857a53789",
                            "assign_ipv6_address_on_creation": "false",
                            "availability_zone": "eu-west-2b",
                            "availability_zone_id": "euw2-az3",
                            "cidr_block": "10.0.0.0/27",
                            "id": "subnet-0a94ec48857a53789",
                            "ipv6_cidr_block": "",
                            "ipv6_cidr_block_association_id": "",
                            "map_public_ip_on_launch": "true",
                            "owner_id": "969613056480",
                            "tags.%": "1",
                            "tags.Name": "alyas_subnet_jenkins",
                            "vpc_id": "vpc-08bb313ee74d462cb"
                        },
                        "meta": {
                            "e2bfb730-ecaa-11e6-8f88-34363bc7c4c0": {
                                "create": 600000000000,
                                "delete": 600000000000
                            },
                            "schema_version": "1"
                        },
                        "tainted": false
                    },
                    "deposed": [],
                    "provider": "provider.aws"
                },
                "aws_vpc.aws": {
                    "type": "aws_vpc",
                    "depends_on": [],
                    "primary": {
                        "id": "vpc-08bb313ee74d462cb",
                        "attributes": {
                            "arn": "arn:aws:ec2:eu-west-2:969613056480:vpc/vpc-08bb313ee74d462cb",
                            "assign_generated_ipv6_cidr_block": "false",
                            "cidr_block": "10.0.0.0/16",
                            "default_network_acl_id": "acl-0cdd11003d31a95fb",
                            "default_route_table_id": "rtb-0a5c82f9d91eb9d83",
                            "default_security_group_id": "sg-094000c8969c3f91c",
                            "dhcp_options_id": "dopt-a77000cf",
                            "enable_dns_hostnames": "false",
                            "enable_dns_support": "true",
                            "id": "vpc-08bb313ee74d462cb",
                            "instance_tenancy": "default",
                            "ipv6_association_id": "",
                            "ipv6_cidr_block": "",
                            "main_route_table_id": "rtb-0a5c82f9d91eb9d83",
                            "owner_id": "969613056480",
                            "tags.%": "1",
                            "tags.Name": "alyas_vpc"
                        },
                        "meta": {
                            "schema_version": "1"
                        },
                        "tainted": false
                    },
                    "deposed": [],
                    "provider": "provider.aws"
                },
                "data.aws_ami.ubuntu": {
                    "type": "aws_ami",
                    "depends_on": [],
                    "primary": {
                        "id": "ami-0f451ba65ae4d36ad",
                        "attributes": {
                            "architecture": "x86_64",
                            "block_device_mappings.#": "3",
                            "block_device_mappings.1634610537.device_name": "/dev/sdb",
                            "block_device_mappings.1634610537.ebs.%": "0",
                            "block_device_mappings.1634610537.no_device": "",
                            "block_device_mappings.1634610537.virtual_name": "ephemeral0",
                            "block_device_mappings.2547816212.device_name": "/dev/sda1",
                            "block_device_mappings.2547816212.ebs.%": "6",
                            "block_device_mappings.2547816212.ebs.delete_on_termination": "true",
                            "block_device_mappings.2547816212.ebs.encrypted": "false",
                            "block_device_mappings.2547816212.ebs.iops": "0",
                            "block_device_mappings.2547816212.ebs.snapshot_id": "snap-00f0d6ff7cd47b458",
                            "block_device_mappings.2547816212.ebs.volume_size": "8",
                            "block_device_mappings.2547816212.ebs.volume_type": "gp2",
                            "block_device_mappings.2547816212.no_device": "",
                            "block_device_mappings.2547816212.virtual_name": "",
                            "block_device_mappings.3850042718.device_name": "/dev/sdc",
                            "block_device_mappings.3850042718.ebs.%": "0",
                            "block_device_mappings.3850042718.no_device": "",
                            "block_device_mappings.3850042718.virtual_name": "ephemeral1",
                            "creation_date": "2019-03-29T19:07:14.000Z",
                            "description": "Canonical, Ubuntu, 14.04 LTS, amd64 trusty image build on 2019-03-21",
                            "filter.#": "2",
                            "filter.4182425345.name": "name",
                            "filter.4182425345.values.#": "1",
                            "filter.4182425345.values.0": "ubuntu/images/hvm-ssd/ubuntu-trusty-14.04-amd64-server-*",
                            "filter.490168357.name": "virtualization-type",
                            "filter.490168357.values.#": "1",
                            "filter.490168357.values.0": "hvm",
                            "hypervisor": "xen",
                            "id": "ami-0f451ba65ae4d36ad",
                            "image_id": "ami-0f451ba65ae4d36ad",
                            "image_location": "099720109477/ubuntu/images/hvm-ssd/ubuntu-trusty-14.04-amd64-server-20190321",
                            "image_type": "machine",
                            "most_recent": "true",
                            "name": "ubuntu/images/hvm-ssd/ubuntu-trusty-14.04-amd64-server-20190321",
                            "owner_id": "099720109477",
                            "owners.#": "1",
                            "owners.0": "099720109477",
                            "product_codes.#": "0",
                            "public": "true",
                            "root_device_name": "/dev/sda1",
                            "root_device_type": "ebs",
                            "root_snapshot_id": "snap-00f0d6ff7cd47b458",
                            "sriov_net_support": "simple",
                            "state": "available",
                            "state_reason.%": "2",
                            "state_reason.code": "UNSET",
                            "state_reason.message": "UNSET",
                            "tags.%": "0",
                            "virtualization_type": "hvm"
                        },
                        "meta": {},
                        "tainted": false
                    },
                    "deposed": [],
                    "provider": "provider.aws"
                }
            },
            "depends_on": []
        }
    ]
}
